
Microsoft Visual Studio Solution File, Format Version 12.00
# Visual Studio Version 17
VisualStudioVersion = 17.0.31903.59
MinimumVisualStudioVersion = 10.0.40219.1
Project("{9A19103F-16F7-4668-BE54-9A1E7A4F7556}") = "MPCalcHub.Api", "src\MPCalcHub.Api\MPCalcHub.Api.csproj", "{D64725D3-9D39-4D46-A3E8-7EFA70F6C2B7}"
EndProject
Project("{9A19103F-16F7-4668-BE54-9A1E7A4F7556}") = "MPCalcHub.Application", "src\MPCalcHub.Application\MPCalcHub.Application.csproj", "{E5541371-D391-4417-8CB4-EEF26A51D71E}"
EndProject
Project("{9A19103F-16F7-4668-BE54-9A1E7A4F7556}") = "MPCalcHub.Domain", "src\MPCalcHub.Domain\MPCalcHub.Domain.csproj", "{C74232D7-1176-4814-B339-8078218DBF2F}"
EndProject
Project("{9A19103F-16F7-4668-BE54-9A1E7A4F7556}") = "MPCalcHub.Infrastructure", "src\MPCalcHub.Infrastructure\MPCalcHub.Infrastructure.csproj", "{4B858C12-3B34-4DDA-9821-BF731770D70B}"
EndProject
Project("{2150E333-8FDC-42A3-9474-1A3956D46DE8}") = "tests", "tests", "{95362A89-6082-473A-A1B2-9886AB891E02}"
EndProject
Project("{FAE04EC0-301F-11D3-BF4B-00C04F79EFBC}") = "MPCalcHub.Tests", "tests\MPCalcHub.Tests\MPCalcHub.Tests.csproj", "{853CD321-0B45-468A-A476-2367B6C4BE77}"
EndProject
Global
	GlobalSection(SolutionConfigurationPlatforms) = preSolution
		Debug|Any CPU = Debug|Any CPU
		Release|Any CPU = Release|Any CPU
	EndGlobalSection
	GlobalSection(ProjectConfigurationPlatforms) = postSolution
		{D64725D3-9D39-4D46-A3E8-7EFA70F6C2B7}.Debug|Any CPU.ActiveCfg = Debug|Any CPU
		{D64725D3-9D39-4D46-A3E8-7EFA70F6C2B7}.Debug|Any CPU.Build.0 = Debug|Any CPU
		{D64725D3-9D39-4D46-A3E8-7EFA70F6C2B7}.Release|Any CPU.ActiveCfg = Release|Any CPU
		{D64725D3-9D39-4D46-A3E8-7EFA70F6C2B7}.Release|Any CPU.Build.0 = Release|Any CPU
		{E5541371-D391-4417-8CB4-EEF26A51D71E}.Debug|Any CPU.ActiveCfg = Debug|Any CPU
		{E5541371-D391-4417-8CB4-EEF26A51D71E}.Debug|Any CPU.Build.0 = Debug|Any CPU
		{E5541371-D391-4417-8CB4-EEF26A51D71E}.Release|Any CPU.ActiveCfg = Release|Any CPU
		{E5541371-D391-4417-8CB4-EEF26A51D71E}.Release|Any CPU.Build.0 = Release|Any CPU
		{C74232D7-1176-4814-B339-8078218DBF2F}.Debug|Any CPU.ActiveCfg = Debug|Any CPU
		{C74232D7-1176-4814-B339-8078218DBF2F}.Debug|Any CPU.Build.0 = Debug|Any CPU
		{C74232D7-1176-4814-B339-8078218DBF2F}.Release|Any CPU.ActiveCfg = Release|Any CPU
		{C74232D7-1176-4814-B339-8078218DBF2F}.Release|Any CPU.Build.0 = Release|Any CPU
		{4B858C12-3B34-4DDA-9821-BF731770D70B}.Debug|Any CPU.ActiveCfg = Debug|Any CPU
		{4B858C12-3B34-4DDA-9821-BF731770D70B}.Debug|Any CPU.Build.0 = Debug|Any CPU
		{4B858C12-3B34-4DDA-9821-BF731770D70B}.Release|Any CPU.ActiveCfg = Release|Any CPU
		{4B858C12-3B34-4DDA-9821-BF731770D70B}.Release|Any CPU.Build.0 = Release|Any CPU
		{853CD321-0B45-468A-A476-2367B6C4BE77}.Debug|Any CPU.ActiveCfg = Debug|Any CPU
		{853CD321-0B45-468A-A476-2367B6C4BE77}.Debug|Any CPU.Build.0 = Debug|Any CPU
		{853CD321-0B45-468A-A476-2367B6C4BE77}.Release|Any CPU.ActiveCfg = Release|Any CPU
		{853CD321-0B45-468A-A476-2367B6C4BE77}.Release|Any CPU.Build.0 = Release|Any CPU
	EndGlobalSection
	GlobalSection(SolutionProperties) = preSolution
		HideSolutionNode = FALSE
	EndGlobalSection
	GlobalSection(ExtensibilityGlobals) = postSolution
		SolutionGuid = {B5E244B5-DC49-48E4-9F16-AF62439E8D9C}
	EndGlobalSection
	GlobalSection(NestedProjects) = preSolution
		{853CD321-0B45-468A-A476-2367B6C4BE77} = {95362A89-6082-473A-A1B2-9886AB891E02}
	EndGlobalSection
EndGlobal
